{
  "name": "minecraft-ping-agent-clis",
  "version": "0.0.0",
  "lockfileVersion": 3,
  "requires": true,
  "packages": {
    "": {
      "name": "minecraft-ping-agent-clis",
      "version": "0.0.0",
      "devDependencies": {
        "@anthropic-ai/claude-code": "2.1.163",
        "@google/gemini-cli": "0.45.2",
        "@openai/codex": "0.136.0"
      }
    },
    "node_modules/@anthropic-ai/claude-code": {
      "version": "2.1.163",
      "resolved": "https://registry.npmjs.org/@anthropic-ai/claude-code/-/claude-code-2.1.163.tgz",
      "integrity": "sha512-aK+hmLIaxp6v2M/fifhrCdYJ+kuQuGOl4Iok+AwRijeZl/HMn55rkwF6lEIq1Ny0xNCp2UKiZcmCegyoMumoWg==",
      "dev": true,
      "hasInstallScript": true,
      "license": "SEE LICENSE IN README.md",
      "bin": {
        "claude": "bin/claude.exe"
      },
      "engines": {
        "node": ">=18.0.0"
      },
      "optionalDependencies": {
        "@anthropic-ai/claude-code-darwin-arm64": "2.1.163",
        "@anthropic-ai/claude-code-darwin-x64": "2.1.163",
        "@anthropic-ai/claude-code-linux-arm64": "2.1.163",
        "@anthropic-ai/claude-code-linux-arm64-musl": "2.1.163",
        "@anthropic-ai/claude-code-linux-x64": "2.1.163",
        "@anthropic-ai/claude-code-linux-x64-musl": "2.1.163",
        "@anthropic-ai/claude-code-win32-arm64": "2.1.163",
        "@anthropic-ai/claude-code-win32-x64": "2.1.163"
      }
    },
    "node_modules/@anthropic-ai/claude-code-darwin-arm64": {
      "version": "2.1.163",
      "resolved": "https://registry.npmjs.org/@anthropic-ai/claude-code-darwin-arm64/-/claude-code-darwin-arm64-2.1.163.tgz",
      "integrity": "sha512-SZPoYNIjj8Osgde5m2UtJcUlKPqnqajc1uwzBk87qU+cqpMKg2KNBMN5rGUoHCX81fNs6jdWJuKuJgCB6Eqazw==",
      "cpu": [
        "arm64"
      ],
      "dev": true,
      "license": "SEE LICENSE IN LICENSE.md",
      "optional": true,
      "os": [
        "darwin"
      ]
    },
    "node_modules/@anthropic-ai/claude-code-darwin-x64": {
      "version": "2.1.163",
      "resolved": "https://registry.npmjs.org/@anthropic-ai/claude-code-darwin-x64/-/claude-code-darwin-x64-2.1.163.tgz",
      "integrity": "sha512-MTy4TO8LUqnRxGXoIE3Jk5bYgiRqvJlXSIZxAO2m69Is9HK+mLevzU9Rr1ZKy+49ExJCNp8392G6+LEUP5+hdQ==",
      "cpu": [
        "x64"
      ],
      "dev": true,
      "license": "SEE LICENSE IN LICENSE.md",
      "optional": true,
      "os": [
        "darwin"
      ]
    },
    "node_modules/@anthropic-ai/claude-code-linux-arm64": {
      "version": "2.1.163",
      "resolved": "https://registry.npmjs.org/@anthropic-ai/claude-code-linux-arm64/-/claude-code-linux-arm64-2.1.163.tgz",
      "integrity": "sha512-DLKiXFVTIuUfTnmeGoOEvOTwv5z0xi0yY1wSigubX3Q0jP12RgL3IBYOAtb4ytM3voAi4n/NhixvTwOWly2EEw==",
      "cpu": [
        "arm64"
      ],
      "dev": true,
      "libc": [
        "glibc"
      ],
      "license": "SEE LICENSE IN LICENSE.md",
      "optional": true,
      "os": [
        "linux"
      ]
    },
    "node_modules/@anthropic-ai/claude-code-linux-arm64-musl": {
      "version": "2.1.163",
      "resolved": "https://registry.npmjs.org/@anthropic-ai/claude-code-linux-arm64-musl/-/claude-code-linux-arm64-musl-2.1.163.tgz",
      "integrity": "sha512-Quu85w7PxNYxxikc0tMQvT5EQH4debsci8EuTx97AYiuptmHmKgi5EkwQxwNo8YXS5IttwUU9QLc41FA6JEa8A==",
      "cpu": [
        "arm64"
      ],
      "dev": true,
      "libc": [
        "musl"
      ],
      "license": "SEE LICENSE IN LICENSE.md",
      "optional": true,
      "os": [
        "linux"
      ]
    },
    "node_modules/@anthropic-ai/claude-code-linux-x64": {
      "version": "2.1.163",
      "resolved": "https://registry.npmjs.org/@anthropic-ai/claude-code-linux-x64/-/claude-code-linux-x64-2.1.163.tgz",
      "integrity": "sha512-K0CAuLxVqLhenPzi56Ysx157GHDXvcSyegyEFlr3jKdmjIClBynQZlRdZdePeQWBdmz5KrnzJ/lT5zzSH5GKUQ==",
      "cpu": [
        "x64"
      ],
      "dev": true,
      "libc": [
        "glibc"
      ],
      "license": "SEE LICENSE IN LICENSE.md",
      "optional": true,
      "os": [
        "linux"
      ]
    },
    "node_modules/@anthropic-ai/claude-code-linux-x64-musl": {
      "version": "2.1.163",
      "resolved": "https://registry.npmjs.org/@anthropic-ai/claude-code-linux-x64-musl/-/claude-code-linux-x64-musl-2.1.163.tgz",
      "integrity": "sha512-DAEhRqBlUkURnOiVGQWIu3Mje466l9dOSQn8TVZx3HdZwUtb0JiRul4rIGWuV10APnVpKteUHdw3WvBASkKluQ==",
      "cpu": [
        "x64"
      ],
      "dev": true,
      "libc": [
        "musl"
      ],
      "license": "SEE LICENSE IN LICENSE.md",
      "optional": true,
      "os": [
        "linux"
      ]
    },
    "node_modules/@anthropic-ai/claude-code-win32-arm64": {
      "version": "2.1.163",
      "resolved": "https://registry.npmjs.org/@anthropic-ai/claude-code-win32-arm64/-/claude-code-win32-arm64-2.1.163.tgz",
      "integrity": "sha512-wqFdygVVhpl3SZ9OlWx41+sU9G45FeSxHqXS9vKoHGk+h7n8SdNLipiXcqslhTBIilcKslQpq9WxlU8o8gyjeQ==",
      "cpu": [
        "arm64"
      ],
      "dev": true,
      "license": "SEE LICENSE IN LICENSE.md",
      "optional": true,
      "os": [
        "win32"
      ]
    },
    "node_modules/@anthropic-ai/claude-code-win32-x64": {
      "version": "2.1.163",
      "resolved": "https://registry.npmjs.org/@anthropic-ai/claude-code-win32-x64/-/claude-code-win32-x64-2.1.163.tgz",
      "integrity": "sha512-uTd+gFmqTQ9lVsA9dsVBYKeIKj6lB5zVNWWKUqV9RdDavDFXTgbbPw7LffEfQcbkiAU4UK+CQFuRRqXjJqsCDQ==",
      "cpu": [
        "x64"
      ],
      "dev": true,
      "license": "SEE LICENSE IN LICENSE.md",
      "optional": true,
      "os": [
        "win32"
      ]
    },
    "node_modules/@github/keytar": {
      "version": "7.10.6",
      "resolved": "https://registry.npmjs.org/@github/keytar/-/keytar-7.10.6.tgz",
      "integrity": "sha512-mRW6cUsSG+nj4jp5gp8e91zPySaT73r+2JM6VyMZfrEgksjPmjSMr+tPGNOK3HUHV+GUU9B1LAiiYy/wmAnIxA==",
      "dev": true,
      "hasInstallScript": true,
      "license": "MIT",
      "optional": true,
      "dependencies": {
        "node-addon-api": "^8.3.0"
      }
    },
    "node_modules/@google/gemini-cli": {
      "version": "0.45.2",
      "resolved": "https://registry.npmjs.org/@google/gemini-cli/-/gemini-cli-0.45.2.tgz",
      "integrity": "sha512-Gm9UrodMu8Tw0hk2ncz1b8po5zhjA8tyED6SpDbkuJ91NjwzoYJ0s7sHlnJ1RpFUYuK6I+zMQMgtRqCcd+FbnA==",
      "dev": true,
      "license": "Apache-2.0",
      "bin": {
        "gemini": "bundle/gemini.js"
      },
      "engines": {
        "node": ">=20"
      },
      "optionalDependencies": {
        "@github/keytar": "^7.10.6",
        "@lydell/node-pty": "1.1.0",
        "@lydell/node-pty-darwin-arm64": "1.1.0",
        "@lydell/node-pty-darwin-x64": "1.1.0",
        "@lydell/node-pty-linux-x64": "1.1.0",
        "@lydell/node-pty-win32-arm64": "1.1.0",
        "@lydell/node-pty-win32-x64": "1.1.0",
        "node-pty": "^1.0.0"
      }
    },
    "node_modules/@lydell/node-pty": {
      "version": "1.1.0",
      "resolved": "https://registry.npmjs.org/@lydell/node-pty/-/node-pty-1.1.0.tgz",
      "integrity": "sha512-VDD8LtlMTOrPKWMXUAcB9+LTktzuunqrMwkYR1DMRBkS6LQrCt+0/Ws1o2rMml/n3guePpS7cxhHF7Nm5K4iMw==",
      "dev": true,
      "license": "MIT",
      "optional": true,
      "optionalDependencies": {
        "@lydell/node-pty-darwin-arm64": "1.1.0",
        "@lydell/node-pty-darwin-x64": "1.1.0",
        "@lydell/node-pty-linux-arm64": "1.1.0",
        "@lydell/node-pty-linux-x64": "1.1.0",
        "@lydell/node-pty-win32-arm64": "1.1.0",
        "@lydell/node-pty-win32-x64": "1.1.0"
      }
    },
    "node_modules/@lydell/node-pty-darwin-arm64": {
      "version": "1.1.0",
      "resolved": "https://registry.npmjs.org/@lydell/node-pty-darwin-arm64/-/node-pty-darwin-arm64-1.1.0.tgz",
      "integrity": "sha512-7kFD+owAA61qmhJCtoMbqj3Uvff3YHDiU+4on5F2vQdcMI3MuwGi7dM6MkFG/yuzpw8LF2xULpL71tOPUfxs0w==",
      "cpu": [
        "arm64"
      ],
      "dev": true,
      "license": "MIT",
      "optional": true,
      "os": [
        "darwin"
      ]
    },
    "node_modules/@lydell/node-pty-darwin-x64": {
      "version": "1.1.0",
      "resolved": "https://registry.npmjs.org/@lydell/node-pty-darwin-x64/-/node-pty-darwin-x64-1.1.0.tgz",
      "integrity": "sha512-XZdvqj5FjAMjH8bdp0YfaZjur5DrCIDD1VYiE9EkkYVMDQqRUPHYV3U8BVEQVT9hYfjmpr7dNaELF2KyISWSNA==",
      "cpu": [
        "x64"
      ],
      "dev": true,
      "license": "MIT",
      "optional": true,
      "os": [
        "darwin"
      ]
    },
    "node_modules/@lydell/node-pty-linux-arm64": {
      "version": "1.1.0",
      "resolved": "https://registry.npmjs.org/@lydell/node-pty-linux-arm64/-/node-pty-linux-arm64-1.1.0.tgz",
      "integrity": "sha512-yyDBmalCfHpLiQMT2zyLcqL2Fay4Xy7rIs8GH4dqKLnEviMvPGOK7LADVkKAsbsyXBSISL3Lt1m1MtxhPH6ckg==",
      "cpu": [
        "arm64"
      ],
      "dev": true,
      "license": "MIT",
      "optional": true,
      "os": [
        "linux"
      ]
    },
    "node_modules/@lydell/node-pty-linux-x64": {
      "version": "1.1.0",
      "resolved": "https://registry.npmjs.org/@lydell/node-pty-linux-x64/-/node-pty-linux-x64-1.1.0.tgz",
      "integrity": "sha512-NcNqRTD14QT+vXcEuqSSvmWY+0+WUBn2uRE8EN0zKtDpIEr9d+YiFj16Uqds6QfcLCHfZmC+Ls7YzwTaqDnanA==",
      "cpu": [
        "x64"
      ],
      "dev": true,
      "license": "MIT",
      "optional": true,
      "os": [
        "linux"
      ]
    },
    "node_modules/@lydell/node-pty-win32-arm64": {
      "version": "1.1.0",
      "resolved": "https://registry.npmjs.org/@lydell/node-pty-win32-arm64/-/node-pty-win32-arm64-1.1.0.tgz",
      "integrity": "sha512-JOMbCou+0fA7d/m97faIIfIU0jOv8sn2OR7tI45u3AmldKoKoLP8zHY6SAvDDnI3fccO1R2HeR1doVjpS7HM0w==",
      "cpu": [
        "arm64"
      ],
      "dev": true,
      "license": "MIT",
      "optional": true,
      "os": [
        "win32"
      ]
    },
    "node_modules/@lydell/node-pty-win32-x64": {
      "version": "1.1.0",
      "resolved": "https://registry.npmjs.org/@lydell/node-pty-win32-x64/-/node-pty-win32-x64-1.1.0.tgz",
      "integrity": "sha512-3N56BZ+WDFnUMYRtsrr7Ky2mhWGl9xXcyqR6cexfuCqcz9RNWL+KoXRv/nZylY5dYaXkft4JaR1uVu+roiZDAw==",
      "cpu": [
        "x64"
      ],
      "dev": true,
      "license": "MIT",
      "optional": true,
      "os": [
        "win32"
      ]
    },
    "node_modules/@openai/codex": {
      "version": "0.136.0",
      "resolved": "https://registry.npmjs.org/@openai/codex/-/codex-0.136.0.tgz",
      "integrity": "sha512-yu+diXznSOt8h296/CDOf2CNi55z1raA7aZ6sejjGy1QWPqn72YkBc2ByTzZG6G+1yiUqlm2G5Hid54hm3/kaA==",
      "dev": true,
      "license": "Apache-2.0",
      "bin": {
        "codex": "bin/codex.js"
      },
      "engines": {
        "node": ">=16"
      },
      "optionalDependencies": {
        "@openai/codex-darwin-arm64": "npm:@openai/codex@0.136.0-darwin-arm64",
        "@openai/codex-darwin-x64": "npm:@openai/codex@0.136.0-darwin-x64",
        "@openai/codex-linux-arm64": "npm:@openai/codex@0.136.0-linux-arm64",
        "@openai/codex-linux-x64": "npm:@openai/codex@0.136.0-linux-x64",
        "@openai/codex-win32-arm64": "npm:@openai/codex@0.136.0-win32-arm64",
        "@openai/codex-win32-x64": "npm:@openai/codex@0.136.0-win32-x64"
      }
    },
    "node_modules/@openai/codex-darwin-arm64": {
      "name": "@openai/codex",
      "version": "0.136.0-darwin-arm64",
      "resolved": "https://registry.npmjs.org/@openai/codex/-/codex-0.136.0-darwin-arm64.tgz",
      "integrity": "sha512-9xnEohnUO9l6qtPSDbG0Y2UXX5mBZ9Lsn0VMgjtkREGfWL9TawNC1d7D1ERMSJtHTlVvieoaFyK9LHPLQCO9Vw==",
      "cpu": [
        "arm64"
      ],
      "dev": true,
      "license": "Apache-2.0",
      "optional": true,
      "os": [
        "darwin"
      ],
      "engines": {
        "node": ">=16"
      }
    },
    "node_modules/@openai/codex-darwin-x64": {
      "name": "@openai/codex",
      "version": "0.136.0-darwin-x64",
      "resolved": "https://registry.npmjs.org/@openai/codex/-/codex-0.136.0-darwin-x64.tgz",
      "integrity": "sha512-HD9YLalPg0cv+CiZSmRWOl/8sefuJlxJcAmxyzb8mSaAMchD3V+2yS6M6E1Z2I6NX1irp4Polt1fPsjGdlHYhQ==",
      "cpu": [
        "x64"
      ],
      "dev": true,
      "license": "Apache-2.0",
      "optional": true,
      "os": [
        "darwin"
      ],
      "engines": {
        "node": ">=16"
      }
    },
    "node_modules/@openai/codex-linux-arm64": {
      "name": "@openai/codex",
      "version": "0.136.0-linux-arm64",
      "resolved": "https://registry.npmjs.org/@openai/codex/-/codex-0.136.0-linux-arm64.tgz",
      "integrity": "sha512-xDxTOk5ClEX/nzlQseqEoiubjIzVZfcWKn9nmKkHOLKknz+c7n6tbmw7eY4mwt29zTAAoFoecdRnbbsPZUHJ1g==",
      "cpu": [
        "arm64"
      ],
      "dev": true,
      "license": "Apache-2.0",
      "optional": true,
      "os": [
        "linux"
      ],
      "engines": {
        "node": ">=16"
      }
    },
    "node_modules/@openai/codex-linux-x64": {
      "name": "@openai/codex",
      "version": "0.136.0-linux-x64",
      "resolved": "https://registry.npmjs.org/@openai/codex/-/codex-0.136.0-linux-x64.tgz",
      "integrity": "sha512-Q6yZHRtUWD+27B5yAiOYyPAtM0BzW0Mm23YGaXDmfNEO5BYgHuUT80VDofUpjSyo2+ShYoZQUFVQAsNPKqd+Sw==",
      "cpu": [
        "x64"
      ],
      "dev": true,
      "license": "Apache-2.0",
      "optional": true,
      "os": [
        "linux"
      ],
      "engines": {
        "node": ">=16"
      }
    },
    "node_modules/@openai/codex-win32-arm64": {
      "name": "@openai/codex",
      "version": "0.136.0-win32-arm64",
      "resolved": "https://registry.npmjs.org/@openai/codex/-/codex-0.136.0-win32-arm64.tgz",
      "integrity": "sha512-mAHZXfygQxBg1JjZ9+bAZfBXe6fg8MabJhuDYhj5z0VF++orKSFsC1lMiv6PksQN36ikQefgVjc9EOlaE4lt7g==",
      "cpu": [
        "arm64"
      ],
      "dev": true,
      "license": "Apache-2.0",
      "optional": true,
      "os": [
        "win32"
      ],
      "engines": {
        "node": ">=16"
      }
    },
    "node_modules/@openai/codex-win32-x64": {
      "name": "@openai/codex",
      "version": "0.136.0-win32-x64",
      "resolved": "https://registry.npmjs.org/@openai/codex/-/codex-0.136.0-win32-x64.tgz",
      "integrity": "sha512-zS6DAmvjdWeAB1CL9KTUMkwzTwfXtxHy8GAtePw2a93jIqawoG07fBxAXuyoHZ3QXQkwEgqBx1zEEh33gdIKAw==",
      "cpu": [
        "x64"
      ],
      "dev": true,
      "license": "Apache-2.0",
      "optional": true,
      "os": [
        "win32"
      ],
      "engines": {
        "node": ">=16"
      }
    },
    "node_modules/node-addon-api": {
      "version": "8.8.0",
      "resolved": "https://registry.npmjs.org/node-addon-api/-/node-addon-api-8.8.0.tgz",
      "integrity": "sha512-c5Ko1fZJIJmzhFIkhRN76WTq+fC6tWnGy9CXA0fA+XygsWZmEwG8vmbkNqxMyoaa0Tin4djul49NzdVcJJcjeA==",
      "dev": true,
      "license": "MIT",
      "optional": true,
      "engines": {
        "node": "^18 || ^20 || >= 21"
      }
    },
    "node_modules/node-pty": {
      "version": "1.1.0",
      "resolved": "https://registry.npmjs.org/node-pty/-/node-pty-1.1.0.tgz",
      "integrity": "sha512-20JqtutY6JPXTUnL0ij1uad7Qe1baT46lyolh2sSENDd4sTzKZ4nmAFkeAARDKwmlLjPx6XKRlwRUxwjOy+lUg==",
      "dev": true,
      "hasInstallScript": true,
      "license": "MIT",
      "optional": true,
      "dependencies": {
        "node-addon-api": "^7.1.0"
      }
    },
    "node_modules/node-pty/node_modules/node-addon-api": {
      "version": "7.1.1",
      "resolved": "https://registry.npmjs.org/node-addon-api/-/node-addon-api-7.1.1.tgz",
      "integrity": "sha512-5m3bsyrjFWE1xf7nz7YXdN4udnVtXK6/Yfgn5qnahL6bCkf2yKt4k3nuTKAtT4r3IG8JNR2ncsIMdZuAzJjHQQ==",
      "dev": true,
      "license": "MIT",
      "optional": true
    }
  }
}
